
Microsoft Visual Studio Solution File, Format Version 12.00
# Visual Studio Version 17
VisualStudioVersion = 17.9.34622.214
MinimumVisualStudioVersion = 10.0.40219.1
Project("{FAE04EC0-301F-11D3-BF4B-00C04F79EFBC}") = "Prototipo7", "Prototipo7\Prototipo7.csproj", "{0583CF12-9E29-4E12-A5A0-4E37F290DA52}"
EndProject
Global
	GlobalSection(SolutionConfigurationPlatforms) = preSolution
		Debug|Any CPU = Debug|Any CPU
		Release|Any CPU = Release|Any CPU
	EndGlobalSection
	GlobalSection(ProjectConfigurationPlatforms) = postSolution
		{0583CF12-9E29-4E12-A5A0-4E37F290DA52}.Debug|Any CPU.ActiveCfg = Debug|Any CPU
		{0583CF12-9E29-4E12-A5A0-4E37F290DA52}.Debug|Any CPU.Build.0 = Debug|Any CPU
		{0583CF12-9E29-4E12-A5A0-4E37F290DA52}.Release|Any CPU.ActiveCfg = Release|Any CPU
		{0583CF12-9E29-4E12-A5A0-4E37F290DA52}.Release|Any CPU.Build.0 = Release|Any CPU
	EndGlobalSection
	GlobalSection(SolutionProperties) = preSolution
		HideSolutionNode = FALSE
	EndGlobalSection
	GlobalSection(ExtensibilityGlobals) = postSolution
		SolutionGuid = {774F5B74-17B2-4240-9E6A-DED06C286315}
	EndGlobalSection
EndGlobal
